
Microsoft Visual Studio Solution File, Format Version 12.00
# Visual Studio Version 16
VisualStudioVersion = 16.0.29911.84
MinimumVisualStudioVersion = 10.0.40219.1
Project("{FAE04EC0-301F-11D3-BF4B-00C04F79EFBC}") = "GigHub", "GigHub.csproj", "{23C63A3E-63BD-47D9-8F41-CC67D4170964}"
EndProject
Global
	GlobalSection(SolutionConfigurationPlatforms) = preSolution
		Debug|Any CPU = Debug|Any CPU
		Release|Any CPU = Release|Any CPU
	EndGlobalSection
	GlobalSection(ProjectConfigurationPlatforms) = postSolution
		{23C63A3E-63BD-47D9-8F41-CC67D4170964}.Debug|Any CPU.ActiveCfg = Debug|Any CPU
		{23C63A3E-63BD-47D9-8F41-CC67D4170964}.Debug|Any CPU.Build.0 = Debug|Any CPU
		{23C63A3E-63BD-47D9-8F41-CC67D4170964}.Release|Any CPU.ActiveCfg = Release|Any CPU
		{23C63A3E-63BD-47D9-8F41-CC67D4170964}.Release|Any CPU.Build.0 = Release|Any CPU
	EndGlobalSection
	GlobalSection(SolutionProperties) = preSolution
		HideSolutionNode = FALSE
	EndGlobalSection
	GlobalSection(ExtensibilityGlobals) = postSolution
		SolutionGuid = {581ABA85-1643-4FCB-B89D-F89182166ED1}
	EndGlobalSection
EndGlobal
